{
  "requires": true,
  "lockfileVersion": 1,
  "dependencies": {
    "@types/webpack-env": {
      "version": "1.14.1",
      "resolved": "https://registry.npmjs.org/@types/webpack-env/-/webpack-env-1.14.1.tgz",
      "integrity": "sha512-0Ki9jAAhKDSuLDXOIMADg54Hu60SuBTEsWaJGGy5cV+SSUQ63J2a+RrYYGrErzz39fXzTibhKrAQJAb8M7PNcA=="
    }
  }
}
